
Microsoft Visual Studio Solution File, Format Version 12.00
# Visual Studio Version 17
Project("{8BC9CEB8-8B4A-11D0-8D11-00A0C91BC942}") = "ALL_BUILD", "ALL_BUILD.vcxproj", "{921A3D29-46A1-3DAD-B7BD-BAA7DFCA8CBF}"
	ProjectSection(ProjectDependencies) = postProject
		{F4357193-0BAE-31AE-B441-A09056140744} = {F4357193-0BAE-31AE-B441-A09056140744}
		{DF7F6DB3-5B08-36C4-B22B-1DF3A6852D1C} = {DF7F6DB3-5B08-36C4-B22B-1DF3A6852D1C}
	EndProjectSection
EndProject
Project("{8BC9CEB8-8B4A-11D0-8D11-00A0C91BC942}") = "ZERO_CHECK", "ZERO_CHECK.vcxproj", "{F4357193-0BAE-31AE-B441-A09056140744}"
	ProjectSection(ProjectDependencies) = postProject
	EndProjectSection
EndProject
Project("{8BC9CEB8-8B4A-11D0-8D11-00A0C91BC942}") = "mailio_addon", "mailio_addon.vcxproj", "{DF7F6DB3-5B08-36C4-B22B-1DF3A6852D1C}"
	ProjectSection(ProjectDependencies) = postProject
		{F4357193-0BAE-31AE-B441-A09056140744} = {F4357193-0BAE-31AE-B441-A09056140744}
	EndProjectSection
EndProject
Global
	GlobalSection(SolutionConfigurationPlatforms) = preSolution
		Debug|x64 = Debug|x64
		Release|x64 = Release|x64
		MinSizeRel|x64 = MinSizeRel|x64
		RelWithDebInfo|x64 = RelWithDebInfo|x64
	EndGlobalSection
	GlobalSection(ProjectConfigurationPlatforms) = postSolution
		{921A3D29-46A1-3DAD-B7BD-BAA7DFCA8CBF}.Debug|x64.ActiveCfg = Debug|x64
		{921A3D29-46A1-3DAD-B7BD-BAA7DFCA8CBF}.Release|x64.ActiveCfg = Release|x64
		{921A3D29-46A1-3DAD-B7BD-BAA7DFCA8CBF}.MinSizeRel|x64.ActiveCfg = MinSizeRel|x64
		{921A3D29-46A1-3DAD-B7BD-BAA7DFCA8CBF}.RelWithDebInfo|x64.ActiveCfg = RelWithDebInfo|x64
		{F4357193-0BAE-31AE-B441-A09056140744}.Debug|x64.ActiveCfg = Debug|x64
		{F4357193-0BAE-31AE-B441-A09056140744}.Debug|x64.Build.0 = Debug|x64
		{F4357193-0BAE-31AE-B441-A09056140744}.Release|x64.ActiveCfg = Release|x64
		{F4357193-0BAE-31AE-B441-A09056140744}.Release|x64.Build.0 = Release|x64
		{F4357193-0BAE-31AE-B441-A09056140744}.MinSizeRel|x64.ActiveCfg = MinSizeRel|x64
		{F4357193-0BAE-31AE-B441-A09056140744}.MinSizeRel|x64.Build.0 = MinSizeRel|x64
		{F4357193-0BAE-31AE-B441-A09056140744}.RelWithDebInfo|x64.ActiveCfg = RelWithDebInfo|x64
		{F4357193-0BAE-31AE-B441-A09056140744}.RelWithDebInfo|x64.Build.0 = RelWithDebInfo|x64
		{DF7F6DB3-5B08-36C4-B22B-1DF3A6852D1C}.Debug|x64.ActiveCfg = Debug|x64
		{DF7F6DB3-5B08-36C4-B22B-1DF3A6852D1C}.Debug|x64.Build.0 = Debug|x64
		{DF7F6DB3-5B08-36C4-B22B-1DF3A6852D1C}.Release|x64.ActiveCfg = Release|x64
		{DF7F6DB3-5B08-36C4-B22B-1DF3A6852D1C}.Release|x64.Build.0 = Release|x64
		{DF7F6DB3-5B08-36C4-B22B-1DF3A6852D1C}.MinSizeRel|x64.ActiveCfg = MinSizeRel|x64
		{DF7F6DB3-5B08-36C4-B22B-1DF3A6852D1C}.MinSizeRel|x64.Build.0 = MinSizeRel|x64
		{DF7F6DB3-5B08-36C4-B22B-1DF3A6852D1C}.RelWithDebInfo|x64.ActiveCfg = RelWithDebInfo|x64
		{DF7F6DB3-5B08-36C4-B22B-1DF3A6852D1C}.RelWithDebInfo|x64.Build.0 = RelWithDebInfo|x64
	EndGlobalSection
	GlobalSection(ExtensibilityGlobals) = postSolution
		SolutionGuid = {1E1F6A87-642A-380E-9E9C-B72809F3893B}
	EndGlobalSection
	GlobalSection(ExtensibilityAddIns) = postSolution
	EndGlobalSection
EndGlobal
