<?xml version="1.0" encoding="utf-8"?>
<Project ToolsVersion="17.0" xmlns="http://schemas.microsoft.com/developer/msbuild/2003">
  <ItemGroup>
    <CustomBuild Include="C:\Users\SSAFY\Desktop\S12P31A204\apps\electron-client\addon\cmake-build\CMakeFiles\f9a79ef311d40341f0b19ae1ea7a8568\generate.stamp.rule">
      <Filter>CMake Rules</Filter>
    </CustomBuild>
  </ItemGroup>
  <ItemGroup>
    <Filter Include="CMake Rules">
      <UniqueIdentifier>{7024B29E-E49D-3130-A5F5-2071202EDFC7}</UniqueIdentifier>
    </Filter>
  </ItemGroup>
</Project>
